PODS:
  - AEOTPTextField (1.2.6)
  - Alamofire (5.6.4)
  - AlignedCollectionViewFlowLayout (1.1.2)
  - AppAuth (1.6.2):
    - AppAuth/Core (= 1.6.2)
    - AppAuth/ExternalUserAgent (= 1.6.2)
  - AppAuth/Core (1.6.2)
  - AppAuth/ExternalUserAgent (1.6.2):
    - AppAuth/Core
  - CDAlertView (0.11.0)
  - CHIPageControl/Jaloro (0.2)
  - DropDown (2.3.13)
  - FacebookCore (0.9.0):
    - FBSDKCoreKit (~> 5.0)
  - FBSDKCoreKit (5.15.1):
    - FBSDKCoreKit/Basics (= 5.15.1)
    - FBSDKCoreKit/Core (= 5.15.1)
  - FBSDKCoreKit/Basics (5.15.1)
  - FBSDKCoreKit/Core (5.15.1):
    - FBSDKCoreKit/Basics
  - FBSDKLoginKit (5.15.1):
    - FBSDKLoginKit/Login (= 5.15.1)
  - FBSDKLoginKit/Login (5.15.1):
    - FBSDKCoreKit (~> 5.0)
  - GoogleSignIn (5.0.0):
    - AppAuth (~> 1.1)
    - GTMAppAuth (~> 1.0)
    - GTMSessionFetcher/Core (~> 1.1)
  - GTMAppAuth (1.3.1):
    - AppAuth/Core (~> 1.6)
    - GTMSessionFetcher/Core (< 3.0, >= 1.5)
  - GTMSessionFetcher/Core (1.7.2)
  - ImageSlideshow (1.9.2):
    - ImageSlideshow/Core (= 1.9.2)
  - ImageSlideshow/Core (1.9.2)
  - ImageSlideshow/SDWebImage (1.9.2):
    - ImageSlideshow/Core
    - SDWebImage (>= 3.7)
  - IndicateKit (2.0.0)
  - iOSDropDown (0.4.0)
  - IQKeyboardManager (6.5.0)
  - LanguageManager-iOS (1.2.5)
  - ListPlaceholder (1.5)
  - MarqueeLabel (4.0.5)
  - netfox (1.21.0)
  - NotificationBannerSwift (3.0.6):
    - MarqueeLabel (~> 4.0.5)
    - SnapKit (~> 5.0.1)
  - QCropper (0.1.7)
  - SDWebImage (5.14.2):
    - SDWebImage/Core (= 5.14.2)
  - SDWebImage/Core (5.14.2)
  - SnapKit (5.0.1)
  - SwiftGen (6.6.2)
  - VerticalCardSwiper (2.3.1)
  - youtube-ios-player-helper (1.0.4)

DEPENDENCIES:
  - AEOTPTextField
  - Alamofire (= 5.6.4)
  - AlignedCollectionViewFlowLayout (= 1.1.2)
  - CDAlertView (= 0.11.0)
  - CHIPageControl/Jaloro
  - DropDown
  - FacebookCore (= 0.9.0)
  - FBSDKLoginKit (= 5.15.1)
  - GoogleSignIn (= 5.0.0)
  - ImageSlideshow
  - ImageSlideshow/SDWebImage
  - IndicateKit (= 2.0.0)
  - iOSDropDown (= 0.4.0)
  - IQKeyboardManager (= 6.5.0)
  - LanguageManager-iOS
  - ListPlaceholder
  - netfox (= 1.21.0)
  - NotificationBannerSwift (~> 3.0.0)
  - QCropper
  - SDWebImage (= 5.14.2)
  - SwiftGen
  - VerticalCardSwiper
  - youtube-ios-player-helper

SPEC REPOS:
  https://github.com/CocoaPods/Specs.git:
    - AEOTPTextField
    - Alamofire
    - AlignedCollectionViewFlowLayout
    - AppAuth
    - CDAlertView
    - CHIPageControl
    - DropDown
    - FacebookCore
    - FBSDKCoreKit
    - FBSDKLoginKit
    - GoogleSignIn
    - GTMAppAuth
    - GTMSessionFetcher
    - ImageSlideshow
    - IndicateKit
    - iOSDropDown
    - IQKeyboardManager
    - LanguageManager-iOS
    - ListPlaceholder
    - MarqueeLabel
    - netfox
    - NotificationBannerSwift
    - QCropper
    - SDWebImage
    - SnapKit
    - SwiftGen
    - VerticalCardSwiper
    - youtube-ios-player-helper

SPEC CHECKSUMS:
  AEOTPTextField: a275823fde05601c5da7f8fb66aaecb41289b370
  Alamofire: 4e95d97098eacb88856099c4fc79b526a299e48c
  AlignedCollectionViewFlowLayout: ee2ef451e741ec08f8e0967d828001e2f051c20a
  AppAuth: 3bb1d1cd9340bd09f5ed189fb00b1cc28e1e8570
  CDAlertView: cd6624e857c85ad14560e2cd23d7eb25b983b590
  CHIPageControl: a787bf7205c9b7e7fbfc412be36c5e8636b68f86
  DropDown: 8a2116376c1981888557f72ec2ffc9a5e0e456ec
  FacebookCore: ba86524b66cfa86d0f8e65d08faa8504a9f732dd
  FBSDKCoreKit: 1d5acf7c9d7a2f92bb1a242dc60cae5b7adb91df
  FBSDKLoginKit: f1ea8026a58b52d30c9f2e6a58ca7d813619fb83
  GoogleSignIn: a62edd0516721d2a3db1259a5681b91f9b41c06a
  GTMAppAuth: 0ff230db599948a9ad7470ca667337803b3fc4dd
  GTMSessionFetcher: 5595ec75acf5be50814f81e9189490412bad82ba
  ImageSlideshow: be305b54eaf2b2cfc7a7141c7c734605d44dc07d
  IndicateKit: 6b3e70311d7bbfa0130800bace85e99d34bfefa7
  iOSDropDown: ce9daa584eaa5567cafc1b633e3cc7eb6d9cea42
  IQKeyboardManager: 700e5155d6a292383b54e8678aec769e14fc78fc
  LanguageManager-iOS: 049345fe4d1c5fbe22af93d438540917f4936359
  ListPlaceholder: 2d7950014852ee5613d636cf14fd1bb93419e330
  MarqueeLabel: 00cc0bcd087111dca575878b3531af980559707d
  netfox: 9d5cc727fe7576c4c7688a2504618a156b7d44b7
  NotificationBannerSwift: 7021be2338f8f29cf424b0aca43da462bf9e2a1a
  QCropper: aef6bad1e683e62b501fb8258359ccd10c68b4f2
  SDWebImage: b9a731e1d6307f44ca703b3976d18c24ca561e84
  SnapKit: 97b92857e3df3a0c71833cce143274bf6ef8e5eb
  SwiftGen: 1366a7f71aeef49954ca5a63ba4bef6b0f24138c
  VerticalCardSwiper: 68df635b354500f86934ea044ade37a264c044c6
  youtube-ios-player-helper: e9b97535e816db3152179d84d999bc1807ecd689

PODFILE CHECKSUM: bae9e648cd4a129fcfc1ec5e2da3a7a24e9525bf

COCOAPODS: 1.12.1
